// !$*UTF8*$!
{
	archiveVersion = 1;
	classes = {
	};
	objectVersion = 46;
	objects = {

/* Begin PBXBuildFile section */
		D108B1B11B50587C00866503 /* SwiftyJSON.swift in Sources */ = {isa = PBXBuildFile; fileRef = D108B1B01B50587C00866503 /* SwiftyJSON.swift */; };
		D108B1B31B5066AD00866503 /* DataManager.swift in Sources */ = {isa = PBXBuildFile; fileRef = D108B1B21B5066AD00866503 /* DataManager.swift */; };
		D10E02E61B54084400C57F51 /* RouteCoordinate.swift in Sources */ = {isa = PBXBuildFile; fileRef = D10E02E51B54084400C57F51 /* RouteCoordinate.swift */; };
		D14320771B6EE9A90039FD01 /* TabBarController.swift in Sources */ = {isa = PBXBuildFile; fileRef = D14320761B6EE9A90039FD01 /* TabBarController.swift */; };
		D143D89F1B73CFD1004ABD1A /* StatsViewController.swift in Sources */ = {isa = PBXBuildFile; fileRef = D143D89E1B73CFD1004ABD1A /* StatsViewController.swift */; };
		D15875531B502E3900B44588 /* AppDelegate.swift in Sources */ = {isa = PBXBuildFile; fileRef = D15875521B502E3900B44588 /* AppDelegate.swift */; };
		D15875581B502E3900B44588 /* Main.storyboard in Resources */ = {isa = PBXBuildFile; fileRef = D15875561B502E3900B44588 /* Main.storyboard */; };
		D158755A1B502E3900B44588 /* Assets.xcassets in Resources */ = {isa = PBXBuildFile; fileRef = D15875591B502E3900B44588 /* Assets.xcassets */; };
		D15875681B502E3A00B44588 /* Divvy_MarathonTests.swift in Sources */ = {isa = PBXBuildFile; fileRef = D15875671B502E3A00B44588 /* Divvy_MarathonTests.swift */; };
		D15875731B502E3A00B44588 /* Divvy_MarathonUITests.swift in Sources */ = {isa = PBXBuildFile; fileRef = D15875721B502E3A00B44588 /* Divvy_MarathonUITests.swift */; };
		D15875811B5035B600B44588 /* Station.swift in Sources */ = {isa = PBXBuildFile; fileRef = D15875801B5035B600B44588 /* Station.swift */; };
		D15875831B50375300B44588 /* MapKit.framework in Frameworks */ = {isa = PBXBuildFile; fileRef = D15875821B50375300B44588 /* MapKit.framework */; };
		D171D81C1B568F43006271BB /* LeaderboardTableViewController.swift in Sources */ = {isa = PBXBuildFile; fileRef = D171D81B1B568F43006271BB /* LeaderboardTableViewController.swift */; };
		D171D81E1B56A8FE006271BB /* UserTableViewCell.swift in Sources */ = {isa = PBXBuildFile; fileRef = D171D81D1B56A8FE006271BB /* UserTableViewCell.swift */; };
		D188126B1B50473200B1C5FE /* CoreLocation.framework in Frameworks */ = {isa = PBXBuildFile; fileRef = D188126A1B50473200B1C5FE /* CoreLocation.framework */; };
		D188DFCA1B681F130036A42E /* ManageRouteTableViewController.swift in Sources */ = {isa = PBXBuildFile; fileRef = D188DFC91B681F130036A42E /* ManageRouteTableViewController.swift */; };
		D188DFCC1B68200B0036A42E /* MapViewController.swift in Sources */ = {isa = PBXBuildFile; fileRef = D188DFCB1B68200B0036A42E /* MapViewController.swift */; };
		D188DFCE1B68218A0036A42E /* RouteManager.swift in Sources */ = {isa = PBXBuildFile; fileRef = D188DFCD1B68218A0036A42E /* RouteManager.swift */; };
		D188DFD01B68381A0036A42E /* ManageRouteTableViewCell.swift in Sources */ = {isa = PBXBuildFile; fileRef = D188DFCF1B68381A0036A42E /* ManageRouteTableViewCell.swift */; };
		D188DFD21B68858B0036A42E /* AddRouteStationsViewController.swift in Sources */ = {isa = PBXBuildFile; fileRef = D188DFD11B68858B0036A42E /* AddRouteStationsViewController.swift */; };
		D18F37C31B52E43000367AAC /* StyleHelper.swift in Sources */ = {isa = PBXBuildFile; fileRef = D18F37C21B52E43000367AAC /* StyleHelper.swift */; };
		D1C913C71B52F32C003FFFD3 /* RouteStepTableViewCell.swift in Sources */ = {isa = PBXBuildFile; fileRef = D1C913C61B52F32C003FFFD3 /* RouteStepTableViewCell.swift */; };
		D1D8D9891B7E4AFB0052CB04 /* LaunchScreen.xib in Resources */ = {isa = PBXBuildFile; fileRef = D1D8D9881B7E4AFB0052CB04 /* LaunchScreen.xib */; };
		DA7F752A1B544850007D650C /* LogInViewController.swift in Sources */ = {isa = PBXBuildFile; fileRef = DA7F75291B544850007D650C /* LogInViewController.swift */; };
		DAE18B851B556BE700403CC2 /* UserStats.swift in Sources */ = {isa = PBXBuildFile; fileRef = DAE18B841B556BE700403CC2 /* UserStats.swift */; };
/* End PBXBuildFile section */

/* Begin PBXContainerItemProxy section */
		D15875641B502E3A00B44588 /* PBXContainerItemProxy */ = {
			isa = PBXContainerItemProxy;
			containerPortal = D15875471B502E3900B44588 /* Project object */;
			proxyType = 1;
			remoteGlobalIDString = D158754E1B502E3900B44588;
			remoteInfo = "Divvy Marathon";
		};
		D158756F1B502E3A00B44588 /* PBXContainerItemProxy */ = {
			isa = PBXContainerItemProxy;
			containerPortal = D15875471B502E3900B44588 /* Project object */;
			proxyType = 1;
			remoteGlobalIDString = D158754E1B502E3900B44588;
			remoteInfo = "Divvy Marathon";
		};
/* End PBXContainerItemProxy section */

/* Begin PBXFileReference section */
		D108B1B01B50587C00866503 /* SwiftyJSON.swift */ = {isa = PBXFileReference; fileEncoding = 4; lastKnownFileType = sourcecode.swift; path = SwiftyJSON.swift; sourceTree = "<group>"; };
		D108B1B21B5066AD00866503 /* DataManager.swift */ = {isa = PBXFileReference; fileEncoding = 4; lastKnownFileType = sourcecode.swift; path = DataManager.swift; sourceTree = "<group>"; };
		D10E02E51B54084400C57F51 /* RouteCoordinate.swift */ = {isa = PBXFileReference; fileEncoding = 4; lastKnownFileType = sourcecode.swift; path = RouteCoordinate.swift; sourceTree = "<group>"; };
		D14320761B6EE9A90039FD01 /* TabBarController.swift */ = {isa = PBXFileReference; fileEncoding = 4; lastKnownFileType = sourcecode.swift; path = TabBarController.swift; sourceTree = "<group>"; };
		D143D89E1B73CFD1004ABD1A /* StatsViewController.swift */ = {isa = PBXFileReference; fileEncoding = 4; lastKnownFileType = sourcecode.swift; path = StatsViewController.swift; sourceTree = "<group>"; };
		D158754F1B502E3900B44588 /* Divvy Marathon.app */ = {isa = PBXFileReference; explicitFileType = wrapper.application; includeInIndex = 0; path = "Divvy Marathon.app"; sourceTree = BUILT_PRODUCTS_DIR; };
		D15875521B502E3900B44588 /* AppDelegate.swift */ = {isa = PBXFileReference; lastKnownFileType = sourcecode.swift; path = AppDelegate.swift; sourceTree = "<group>"; };
		D15875571B502E3900B44588 /* Base */ = {isa = PBXFileReference; lastKnownFileType = file.storyboard; name = Base; path = Base.lproj/Main.storyboard; sourceTree = "<group>"; };
		D15875591B502E3900B44588 /* Assets.xcassets */ = {isa = PBXFileReference; lastKnownFileType = folder.assetcatalog; path = Assets.xcassets; sourceTree = "<group>"; };
		D158755E1B502E3900B44588 /* Info.plist */ = {isa = PBXFileReference; lastKnownFileType = text.plist.xml; path = Info.plist; sourceTree = "<group>"; };
		D15875631B502E3A00B44588 /* Divvy MarathonTests.xctest */ = {isa = PBXFileReference; explicitFileType = wrapper.cfbundle; includeInIndex = 0; path = "Divvy MarathonTests.xctest"; sourceTree = BUILT_PRODUCTS_DIR; };
		D15875671B502E3A00B44588 /* Divvy_MarathonTests.swift */ = {isa = PBXFileReference; lastKnownFileType = sourcecode.swift; path = Divvy_MarathonTests.swift; sourceTree = "<group>"; };
		D15875691B502E3A00B44588 /* Info.plist */ = {isa = PBXFileReference; lastKnownFileType = text.plist.xml; path = Info.plist; sourceTree = "<group>"; };
		D158756E1B502E3A00B44588 /* Divvy MarathonUITests.xctest */ = {isa = PBXFileReference; explicitFileType = wrapper.cfbundle; includeInIndex = 0; path = "Divvy MarathonUITests.xctest"; sourceTree = BUILT_PRODUCTS_DIR; };
		D15875721B502E3A00B44588 /* Divvy_MarathonUITests.swift */ = {isa = PBXFileReference; lastKnownFileType = sourcecode.swift; path = Divvy_MarathonUITests.swift; sourceTree = "<group>"; };
		D15875741B502E3A00B44588 /* Info.plist */ = {isa = PBXFileReference; lastKnownFileType = text.plist.xml; path = Info.plist; sourceTree = "<group>"; };
		D15875801B5035B600B44588 /* Station.swift */ = {isa = PBXFileReference; fileEncoding = 4; lastKnownFileType = sourcecode.swift; path = Station.swift; sourceTree = "<group>"; };
		D15875821B50375300B44588 /* MapKit.framework */ = {isa = PBXFileReference; lastKnownFileType = wrapper.framework; name = MapKit.framework; path = System/Library/Frameworks/MapKit.framework; sourceTree = SDKROOT; };
		D171D81B1B568F43006271BB /* LeaderboardTableViewController.swift */ = {isa = PBXFileReference; fileEncoding = 4; lastKnownFileType = sourcecode.swift; path = LeaderboardTableViewController.swift; sourceTree = "<group>"; };
		D171D81D1B56A8FE006271BB /* UserTableViewCell.swift */ = {isa = PBXFileReference; fileEncoding = 4; lastKnownFileType = sourcecode.swift; path = UserTableViewCell.swift; sourceTree = "<group>"; };
		D188126A1B50473200B1C5FE /* CoreLocation.framework */ = {isa = PBXFileReference; lastKnownFileType = wrapper.framework; name = CoreLocation.framework; path = System/Library/Frameworks/CoreLocation.framework; sourceTree = SDKROOT; };
		D188DFC91B681F130036A42E /* ManageRouteTableViewController.swift */ = {isa = PBXFileReference; fileEncoding = 4; lastKnownFileType = sourcecode.swift; path = ManageRouteTableViewController.swift; sourceTree = "<group>"; };
		D188DFCB1B68200B0036A42E /* MapViewController.swift */ = {isa = PBXFileReference; fileEncoding = 4; lastKnownFileType = sourcecode.swift; path = MapViewController.swift; sourceTree = "<group>"; };
		D188DFCD1B68218A0036A42E /* RouteManager.swift */ = {isa = PBXFileReference; fileEncoding = 4; lastKnownFileType = sourcecode.swift; path = RouteManager.swift; sourceTree = "<group>"; };
		D188DFCF1B68381A0036A42E /* ManageRouteTableViewCell.swift */ = {isa = PBXFileReference; fileEncoding = 4; lastKnownFileType = sourcecode.swift; path = ManageRouteTableViewCell.swift; sourceTree = "<group>"; };
		D188DFD11B68858B0036A42E /* AddRouteStationsViewController.swift */ = {isa = PBXFileReference; fileEncoding = 4; lastKnownFileType = sourcecode.swift; path = AddRouteStationsViewController.swift; sourceTree = "<group>"; };
		D18F37C21B52E43000367AAC /* StyleHelper.swift */ = {isa = PBXFileReference; fileEncoding = 4; lastKnownFileType = sourcecode.swift; path = StyleHelper.swift; sourceTree = "<group>"; };
		D1C913C61B52F32C003FFFD3 /* RouteStepTableViewCell.swift */ = {isa = PBXFileReference; fileEncoding = 4; lastKnownFileType = sourcecode.swift; path = RouteStepTableViewCell.swift; sourceTree = "<group>"; };
		D1D8D9881B7E4AFB0052CB04 /* LaunchScreen.xib */ = {isa = PBXFileReference; fileEncoding = 4; lastKnownFileType = file.xib; path = LaunchScreen.xib; sourceTree = "<group>"; };
		DA7F75291B544850007D650C /* LogInViewController.swift */ = {isa = PBXFileReference; fileEncoding = 4; lastKnownFileType = sourcecode.swift; path = LogInViewController.swift; sourceTree = "<group>"; };
		DAE18B841B556BE700403CC2 /* UserStats.swift */ = {isa = PBXFileReference; fileEncoding = 4; lastKnownFileType = sourcecode.swift; path = UserStats.swift; sourceTree = "<group>"; };
/* End PBXFileReference section */

/* Begin PBXFrameworksBuildPhase section */
		D158754C1B502E3900B44588 /* Frameworks */ = {
			isa = PBXFrameworksBuildPhase;
			buildActionMask = 2147483647;
			files = (
				D188126B1B50473200B1C5FE /* CoreLocation.framework in Frameworks */,
				D15875831B50375300B44588 /* MapKit.framework in Frameworks */,
			);
			runOnlyForDeploymentPostprocessing = 0;
		};
		D15875601B502E3900B44588 /* Frameworks */ = {
			isa = PBXFrameworksBuildPhase;
			buildActionMask = 2147483647;
			files = (
			);
			runOnlyForDeploymentPostprocessing = 0;
		};
		D158756B1B502E3A00B44588 /* Frameworks */ = {
			isa = PBXFrameworksBuildPhase;
			buildActionMask = 2147483647;
			files = (
			);
			runOnlyForDeploymentPostprocessing = 0;
		};
/* End PBXFrameworksBuildPhase section */

/* Begin PBXGroup section */
		D108B1AD1B50585A00866503 /* Helper Classes */ = {
			isa = PBXGroup;
			children = (
				D188DFCD1B68218A0036A42E /* RouteManager.swift */,
				D108B1B01B50587C00866503 /* SwiftyJSON.swift */,
				D108B1B21B5066AD00866503 /* DataManager.swift */,
				D18F37C21B52E43000367AAC /* StyleHelper.swift */,
			);
			name = "Helper Classes";
			sourceTree = "<group>";
		};
		D108B1AE1B50586500866503 /* Objects */ = {
			isa = PBXGroup;
			children = (
				DAE18B841B556BE700403CC2 /* UserStats.swift */,
				D1C913C61B52F32C003FFFD3 /* RouteStepTableViewCell.swift */,
				D15875801B5035B600B44588 /* Station.swift */,
				D10E02E51B54084400C57F51 /* RouteCoordinate.swift */,
				D171D81D1B56A8FE006271BB /* UserTableViewCell.swift */,
				D188DFCF1B68381A0036A42E /* ManageRouteTableViewCell.swift */,
			);
			name = Objects;
			sourceTree = "<group>";
		};
		D108B1AF1B50586900866503 /* View Controllers */ = {
			isa = PBXGroup;
			children = (
				DA7F75291B544850007D650C /* LogInViewController.swift */,
				D171D81B1B568F43006271BB /* LeaderboardTableViewController.swift */,
				D188DFC91B681F130036A42E /* ManageRouteTableViewController.swift */,
				D188DFD11B68858B0036A42E /* AddRouteStationsViewController.swift */,
				D188DFCB1B68200B0036A42E /* MapViewController.swift */,
				D14320761B6EE9A90039FD01 /* TabBarController.swift */,
				D143D89E1B73CFD1004ABD1A /* StatsViewController.swift */,
			);
			name = "View Controllers";
			sourceTree = "<group>";
		};
		D15875461B502E3900B44588 = {
			isa = PBXGroup;
			children = (
				D188126A1B50473200B1C5FE /* CoreLocation.framework */,
				D15875821B50375300B44588 /* MapKit.framework */,
				D15875511B502E3900B44588 /* Divvy Marathon */,
				D15875661B502E3A00B44588 /* Divvy MarathonTests */,
				D15875711B502E3A00B44588 /* Divvy MarathonUITests */,
				D15875501B502E3900B44588 /* Products */,
			);
			sourceTree = "<group>";
		};
		D15875501B502E3900B44588 /* Products */ = {
			isa = PBXGroup;
			children = (
				D158754F1B502E3900B44588 /* Divvy Marathon.app */,
				D15875631B502E3A00B44588 /* Divvy MarathonTests.xctest */,
				D158756E1B502E3A00B44588 /* Divvy MarathonUITests.xctest */,
			);
			name = Products;
			sourceTree = "<group>";
		};
		D15875511B502E3900B44588 /* Divvy Marathon */ = {
			isa = PBXGroup;
			children = (
				D108B1AF1B50586900866503 /* View Controllers */,
				D108B1AE1B50586500866503 /* Objects */,
				D108B1AD1B50585A00866503 /* Helper Classes */,
				D15875521B502E3900B44588 /* AppDelegate.swift */,
				D15875561B502E3900B44588 /* Main.storyboard */,
				D1D8D9881B7E4AFB0052CB04 /* LaunchScreen.xib */,
				D15875591B502E3900B44588 /* Assets.xcassets */,
				D158755E1B502E3900B44588 /* Info.plist */,
			);
			path = "Divvy Marathon";
			sourceTree = "<group>";
		};
		D15875661B502E3A00B44588 /* Divvy MarathonTests */ = {
			isa = PBXGroup;
			children = (
				D15875671B502E3A00B44588 /* Divvy_MarathonTests.swift */,
				D15875691B502E3A00B44588 /* Info.plist */,
			);
			path = "Divvy MarathonTests";
			sourceTree = "<group>";
		};
		D15875711B502E3A00B44588 /* Divvy MarathonUITests */ = {
			isa = PBXGroup;
			children = (
				D15875721B502E3A00B44588 /* Divvy_MarathonUITests.swift */,
				D15875741B502E3A00B44588 /* Info.plist */,
			);
			path = "Divvy MarathonUITests";
			sourceTree = "<group>";
		};
/* End PBXGroup section */

/* Begin PBXNativeTarget section */
		D158754E1B502E3900B44588 /* Divvy Marathon */ = {
			isa = PBXNativeTarget;
			buildConfigurationList = D15875771B502E3A00B44588 /* Build configuration list for PBXNativeTarget "Divvy Marathon" */;
			buildPhases = (
				D158754B1B502E3900B44588 /* Sources */,
				D158754C1B502E3900B44588 /* Frameworks */,
				D158754D1B502E3900B44588 /* Resources */,
			);
			buildRules = (
			);
			dependencies = (
			);
			name = "Divvy Marathon";
			productName = "Divvy Marathon";
			productReference = D158754F1B502E3900B44588 /* Divvy Marathon.app */;
			productType = "com.apple.product-type.application";
		};
		D15875621B502E3900B44588 /* Divvy MarathonTests */ = {
			isa = PBXNativeTarget;
			buildConfigurationList = D158757A1B502E3A00B44588 /* Build configuration list for PBXNativeTarget "Divvy MarathonTests" */;
			buildPhases = (
				D158755F1B502E3900B44588 /* Sources */,
				D15875601B502E3900B44588 /* Frameworks */,
				D15875611B502E3900B44588 /* Resources */,
			);
			buildRules = (
			);
			dependencies = (
				D15875651B502E3A00B44588 /* PBXTargetDependency */,
			);
			name = "Divvy MarathonTests";
			productName = "Divvy MarathonTests";
			productReference = D15875631B502E3A00B44588 /* Divvy MarathonTests.xctest */;
			productType = "com.apple.product-type.bundle.unit-test";
		};
		D158756D1B502E3A00B44588 /* Divvy MarathonUITests */ = {
			isa = PBXNativeTarget;
			buildConfigurationList = D158757D1B502E3A00B44588 /* Build configuration list for PBXNativeTarget "Divvy MarathonUITests" */;
			buildPhases = (
				D158756A1B502E3A00B44588 /* Sources */,
				D158756B1B502E3A00B44588 /* Frameworks */,
				D158756C1B502E3A00B44588 /* Resources */,
			);
			buildRules = (
			);
			dependencies = (
				D15875701B502E3A00B44588 /* PBXTargetDependency */,
			);
			name = "Divvy MarathonUITests";
			productName = "Divvy MarathonUITests";
			productReference = D158756E1B502E3A00B44588 /* Divvy MarathonUITests.xctest */;
			productType = "com.apple.product-type.bundle.ui-testing";
		};
/* End PBXNativeTarget section */

/* Begin PBXProject section */
		D15875471B502E3900B44588 /* Project object */ = {
			isa = PBXProject;
			attributes = {
				LastUpgradeCheck = 0700;
				ORGANIZATIONNAME = "Jack Cable";
				TargetAttributes = {
					D158754E1B502E3900B44588 = {
						CreatedOnToolsVersion = 7.0;
						DevelopmentTeam = D98X5PXBN4;
						SystemCapabilities = {
							com.apple.Maps.iOS = {
								enabled = 1;
							};
						};
					};
					D15875621B502E3900B44588 = {
						CreatedOnToolsVersion = 7.0;
						TestTargetID = D158754E1B502E3900B44588;
					};
					D158756D1B502E3A00B44588 = {
						CreatedOnToolsVersion = 7.0;
						TestTargetID = D158754E1B502E3900B44588;
					};
				};
			};
			buildConfigurationList = D158754A1B502E3900B44588 /* Build configuration list for PBXProject "Divvy Marathon" */;
			compatibilityVersion = "Xcode 3.2";
			developmentRegion = English;
			hasScannedForEncodings = 0;
			knownRegions = (
				en,
				Base,
			);
			mainGroup = D15875461B502E3900B44588;
			productRefGroup = D15875501B502E3900B44588 /* Products */;
			projectDirPath = "";
			projectRoot = "";
			targets = (
				D158754E1B502E3900B44588 /* Divvy Marathon */,
				D15875621B502E3900B44588 /* Divvy MarathonTests */,
				D158756D1B502E3A00B44588 /* Divvy MarathonUITests */,
			);
		};
/* End PBXProject section */

/* Begin PBXResourcesBuildPhase section */
		D158754D1B502E3900B44588 /* Resources */ = {
			isa = PBXResourcesBuildPhase;
			buildActionMask = 2147483647;
			files = (
				D158755A1B502E3900B44588 /* Assets.xcassets in Resources */,
				D1D8D9891B7E4AFB0052CB04 /* LaunchScreen.xib in Resources */,
				D15875581B502E3900B44588 /* Main.storyboard in Resources */,
			);
			runOnlyForDeploymentPostprocessing = 0;
		};
		D15875611B502E3900B44588 /* Resources */ = {
			isa = PBXResourcesBuildPhase;
			buildActionMask = 2147483647;
			files = (
			);
			runOnlyForDeploymentPostprocessing = 0;
		};
		D158756C1B502E3A00B44588 /* Resources */ = {
			isa = PBXResourcesBuildPhase;
			buildActionMask = 2147483647;
			files = (
			);
			runOnlyForDeploymentPostprocessing = 0;
		};
/* End PBXResourcesBuildPhase section */

/* Begin PBXSourcesBuildPhase section */
		D158754B1B502E3900B44588 /* Sources */ = {
			isa = PBXSourcesBuildPhase;
			buildActionMask = 2147483647;
			files = (
				DAE18B851B556BE700403CC2 /* UserStats.swift in Sources */,
				D18F37C31B52E43000367AAC /* StyleHelper.swift in Sources */,
				D171D81E1B56A8FE006271BB /* UserTableViewCell.swift in Sources */,
				DA7F752A1B544850007D650C /* LogInViewController.swift in Sources */,
				D171D81C1B568F43006271BB /* LeaderboardTableViewController.swift in Sources */,
				D108B1B31B5066AD00866503 /* DataManager.swift in Sources */,
				D1C913C71B52F32C003FFFD3 /* RouteStepTableViewCell.swift in Sources */,
				D15875811B5035B600B44588 /* Station.swift in Sources */,
				D15875531B502E3900B44588 /* AppDelegate.swift in Sources */,
				D108B1B11B50587C00866503 /* SwiftyJSON.swift in Sources */,
				D143D89F1B73CFD1004ABD1A /* StatsViewController.swift in Sources */,
				D188DFD01B68381A0036A42E /* ManageRouteTableViewCell.swift in Sources */,
				D188DFCA1B681F130036A42E /* ManageRouteTableViewController.swift in Sources */,
				D188DFCE1B68218A0036A42E /* RouteManager.swift in Sources */,
				D10E02E61B54084400C57F51 /* RouteCoordinate.swift in Sources */,
				D14320771B6EE9A90039FD01 /* TabBarController.swift in Sources */,
				D188DFCC1B68200B0036A42E /* MapViewController.swift in Sources */,
				D188DFD21B68858B0036A42E /* AddRouteStationsViewController.swift in Sources */,
			);
			runOnlyForDeploymentPostprocessing = 0;
		};
		D158755F1B502E3900B44588 /* Sources */ = {
			isa = PBXSourcesBuildPhase;
			buildActionMask = 2147483647;
			files = (
				D15875681B502E3A00B44588 /* Divvy_MarathonTests.swift in Sources */,
			);
			runOnlyForDeploymentPostprocessing = 0;
		};
		D158756A1B502E3A00B44588 /* Sources */ = {
			isa = PBXSourcesBuildPhase;
			buildActionMask = 2147483647;
			files = (
				D15875731B502E3A00B44588 /* Divvy_MarathonUITests.swift in Sources */,
			);
			runOnlyForDeploymentPostprocessing = 0;
		};
/* End PBXSourcesBuildPhase section */

/* Begin PBXTargetDependency section */
		D15875651B502E3A00B44588 /* PBXTargetDependency */ = {
			isa = PBXTargetDependency;
			target = D158754E1B502E3900B44588 /* Divvy Marathon */;
			targetProxy = D15875641B502E3A00B44588 /* PBXContainerItemProxy */;
		};
		D15875701B502E3A00B44588 /* PBXTargetDependency */ = {
			isa = PBXTargetDependency;
			target = D158754E1B502E3900B44588 /* Divvy Marathon */;
			targetProxy = D158756F1B502E3A00B44588 /* PBXContainerItemProxy */;
		};
/* End PBXTargetDependency section */

/* Begin PBXVariantGroup section */
		D15875561B502E3900B44588 /* Main.storyboard */ = {
			isa = PBXVariantGroup;
			children = (
				D15875571B502E3900B44588 /* Base */,
			);
			name = Main.storyboard;
			sourceTree = "<group>";
		};
/* End PBXVariantGroup section */

/* Begin XCBuildConfiguration section */
		D15875751B502E3A00B44588 /* Debug */ = {
			isa = XCBuildConfiguration;
			buildSettings = {
				ALWAYS_SEARCH_USER_PATHS = NO;
				CLANG_CXX_LANGUAGE_STANDARD = "gnu++0x";
				CLANG_CXX_LIBRARY = "libc++";
				CLANG_ENABLE_MODULES = YES;
				CLANG_ENABLE_OBJC_ARC = YES;
				CLANG_WARN_BOOL_CONVERSION = YES;
				CLANG_WARN_CONSTANT_CONVERSION = YES;
				CLANG_WARN_DIRECT_OBJC_ISA_USAGE = YES_ERROR;
				CLANG_WARN_EMPTY_BODY = YES;
				CLANG_WARN_ENUM_CONVERSION = YES;
				CLANG_WARN_INT_CONVERSION = YES;
				CLANG_WARN_OBJC_ROOT_CLASS = YES_ERROR;
				CLANG_WARN_UNREACHABLE_CODE = YES;
				CLANG_WARN__DUPLICATE_METHOD_MATCH = YES;
				"CODE_SIGN_IDENTITY[sdk=iphoneos*]" = "iPhone Developer";
				COPY_PHASE_STRIP = NO;
				DEBUG_INFORMATION_FORMAT = dwarf;
				ENABLE_STRICT_OBJC_MSGSEND = YES;
				ENABLE_TESTABILITY = YES;
				GCC_C_LANGUAGE_STANDARD = gnu99;
				GCC_DYNAMIC_NO_PIC = NO;
				GCC_NO_COMMON_BLOCKS = YES;
				GCC_OPTIMIZATION_LEVEL = 0;
				GCC_PREPROCESSOR_DEFINITIONS = (
					"DEBUG=1",
					"$(inherited)",
				);
				GCC_WARN_64_TO_32_BIT_CONVERSION = YES;
				GCC_WARN_ABOUT_RETURN_TYPE = YES_ERROR;
				GCC_WARN_UNDECLARED_SELECTOR = YES;
				GCC_WARN_UNINITIALIZED_AUTOS = YES_AGGRESSIVE;
				GCC_WARN_UNUSED_FUNCTION = YES;
				GCC_WARN_UNUSED_VARIABLE = YES;
				IPHONEOS_DEPLOYMENT_TARGET = 8.0;
				MTL_ENABLE_DEBUG_INFO = YES;
				ONLY_ACTIVE_ARCH = YES;
				SDKROOT = iphoneos;
				SWIFT_OPTIMIZATION_LEVEL = "-Onone";
			};
			name = Debug;
		};
		D15875761B502E3A00B44588 /* Release */ = {
			isa = XCBuildConfiguration;
			buildSettings = {
				ALWAYS_SEARCH_USER_PATHS = NO;
				CLANG_CXX_LANGUAGE_STANDARD = "gnu++0x";
				CLANG_CXX_LIBRARY = "libc++";
				CLANG_ENABLE_MODULES = YES;
				CLANG_ENABLE_OBJC_ARC = YES;
				CLANG_WARN_BOOL_CONVERSION = YES;
				CLANG_WARN_CONSTANT_CONVERSION = YES;
				CLANG_WARN_DIRECT_OBJC_ISA_USAGE = YES_ERROR;
				CLANG_WARN_EMPTY_BODY = YES;
				CLANG_WARN_ENUM_CONVERSION = YES;
				CLANG_WARN_INT_CONVERSION = YES;
				CLANG_WARN_OBJC_ROOT_CLASS = YES_ERROR;
				CLANG_WARN_UNREACHABLE_CODE = YES;
				CLANG_WARN__DUPLICATE_METHOD_MATCH = YES;
				"CODE_SIGN_IDENTITY[sdk=iphoneos*]" = "iPhone Developer";
				COPY_PHASE_STRIP = NO;
				DEBUG_INFORMATION_FORMAT = "dwarf-with-dsym";
				ENABLE_NS_ASSERTIONS = NO;
				ENABLE_STRICT_OBJC_MSGSEND = YES;
				GCC_C_LANGUAGE_STANDARD = gnu99;
				GCC_NO_COMMON_BLOCKS = YES;
				GCC_WARN_64_TO_32_BIT_CONVERSION = YES;
				GCC_WARN_ABOUT_RETURN_TYPE = YES_ERROR;
				GCC_WARN_UNDECLARED_SELECTOR = YES;
				GCC_WARN_UNINITIALIZED_AUTOS = YES_AGGRESSIVE;
				GCC_WARN_UNUSED_FUNCTION = YES;
				GCC_WARN_UNUSED_VARIABLE = YES;
				IPHONEOS_DEPLOYMENT_TARGET = 8.0;
				MTL_ENABLE_DEBUG_INFO = NO;
				SDKROOT = iphoneos;
				VALIDATE_PRODUCT = YES;
			};
			name = Release;
		};
		D15875781B502E3A00B44588 /* Debug */ = {
			isa = XCBuildConfiguration;
			buildSettings = {
				ASSETCATALOG_COMPILER_APPICON_NAME = AppIcon;
				CODE_SIGN_IDENTITY = "iPhone Developer";
				"CODE_SIGN_IDENTITY[sdk=iphoneos*]" = "iPhone Developer";
				INFOPLIST_FILE = "Divvy Marathon/Info.plist";
				IPHONEOS_DEPLOYMENT_TARGET = 8.0;
				LD_RUNPATH_SEARCH_PATHS = "$(inherited) @executable_path/Frameworks";
				PRODUCT_BUNDLE_IDENTIFIER = "com.Divvy-Marathon";
				PRODUCT_NAME = "$(TARGET_NAME)";
				PROVISIONING_PROFILE = "77d400ea-942c-4ea5-8758-0db3c0cece6d";
				TARGETED_DEVICE_FAMILY = "1,2";
			};
			name = Debug;
		};
		D15875791B502E3A00B44588 /* Release */ = {
			isa = XCBuildConfiguration;
			buildSettings = {
				ASSETCATALOG_COMPILER_APPICON_NAME = AppIcon;
				CODE_SIGN_IDENTITY = "iPhone Developer";
				"CODE_SIGN_IDENTITY[sdk=iphoneos*]" = "iPhone Developer";
				INFOPLIST_FILE = "Divvy Marathon/Info.plist";
				IPHONEOS_DEPLOYMENT_TARGET = 8.0;
				LD_RUNPATH_SEARCH_PATHS = "$(inherited) @executable_path/Frameworks";
				PRODUCT_BUNDLE_IDENTIFIER = "com.Divvy-Marathon";
				PRODUCT_NAME = "$(TARGET_NAME)";
				PROVISIONING_PROFILE = "77d400ea-942c-4ea5-8758-0db3c0cece6d";
				TARGETED_DEVICE_FAMILY = "1,2";
			};
			name = Release;
		};
		D158757B1B502E3A00B44588 /* Debug */ = {
			isa = XCBuildConfiguration;
			buildSettings = {
				BUNDLE_LOADER = "$(TEST_HOST)";
				INFOPLIST_FILE = "Divvy MarathonTests/Info.plist";
				LD_RUNPATH_SEARCH_PATHS = "$(inherited) @executable_path/Frameworks @loader_path/Frameworks";
				PRODUCT_BUNDLE_IDENTIFIER = "com.cable.Divvy-MarathonTests";
				PRODUCT_NAME = "$(TARGET_NAME)";
				TEST_HOST = "$(BUILT_PRODUCTS_DIR)/Divvy Marathon.app/Divvy Marathon";
			};
			name = Debug;
		};
		D158757C1B502E3A00B44588 /* Release */ = {
			isa = XCBuildConfiguration;
			buildSettings = {
				BUNDLE_LOADER = "$(TEST_HOST)";
				INFOPLIST_FILE = "Divvy MarathonTests/Info.plist";
				LD_RUNPATH_SEARCH_PATHS = "$(inherited) @executable_path/Frameworks @loader_path/Frameworks";
				PRODUCT_BUNDLE_IDENTIFIER = "com.cable.Divvy-MarathonTests";
				PRODUCT_NAME = "$(TARGET_NAME)";
				TEST_HOST = "$(BUILT_PRODUCTS_DIR)/Divvy Marathon.app/Divvy Marathon";
			};
			name = Release;
		};
		D158757E1B502E3A00B44588 /* Debug */ = {
			isa = XCBuildConfiguration;
			buildSettings = {
				INFOPLIST_FILE = "Divvy MarathonUITests/Info.plist";
				LD_RUNPATH_SEARCH_PATHS = "$(inherited) @executable_path/Frameworks @loader_path/Frameworks";
				PRODUCT_BUNDLE_IDENTIFIER = "com.cable.Divvy-MarathonUITests";
				PRODUCT_NAME = "$(TARGET_NAME)";
				TEST_TARGET_NAME = "Divvy Marathon";
				USES_XCTRUNNER = YES;
			};
			name = Debug;
		};
		D158757F1B502E3A00B44588 /* Release */ = {
			isa = XCBuildConfiguration;
			buildSettings = {
				INFOPLIST_FILE = "Divvy MarathonUITests/Info.plist";
				LD_RUNPATH_SEARCH_PATHS = "$(inherited) @executable_path/Frameworks @loader_path/Frameworks";
				PRODUCT_BUNDLE_IDENTIFIER = "com.cable.Divvy-MarathonUITests";
				PRODUCT_NAME = "$(TARGET_NAME)";
				TEST_TARGET_NAME = "Divvy Marathon";
				USES_XCTRUNNER = YES;
			};
			name = Release;
		};
/* End XCBuildConfiguration section */

/* Begin XCConfigurationList section */
		D158754A1B502E3900B44588 /* Build configuration list for PBXProject "Divvy Marathon" */ = {
			isa = XCConfigurationList;
			buildConfigurations = (
				D15875751B502E3A00B44588 /* Debug */,
				D15875761B502E3A00B44588 /* Release */,
			);
			defaultConfigurationIsVisible = 0;
			defaultConfigurationName = Release;
		};
		D15875771B502E3A00B44588 /* Build configuration list for PBXNativeTarget "Divvy Marathon" */ = {
			isa = XCConfigurationList;
			buildConfigurations = (
				D15875781B502E3A00B44588 /* Debug */,
				D15875791B502E3A00B44588 /* Release */,
			);
			defaultConfigurationIsVisible = 0;
			defaultConfigurationName = Release;
		};
		D158757A1B502E3A00B44588 /* Build configuration list for PBXNativeTarget "Divvy MarathonTests" */ = {
			isa = XCConfigurationList;
			buildConfigurations = (
				D158757B1B502E3A00B44588 /* Debug */,
				D158757C1B502E3A00B44588 /* Release */,
			);
			defaultConfigurationIsVisible = 0;
			defaultConfigurationName = Release;
		};
		D158757D1B502E3A00B44588 /* Build configuration list for PBXNativeTarget "Divvy MarathonUITests" */ = {
			isa = XCConfigurationList;
			buildConfigurations = (
				D158757E1B502E3A00B44588 /* Debug */,
				D158757F1B502E3A00B44588 /* Release */,
			);
			defaultConfigurationIsVisible = 0;
			defaultConfigurationName = Release;
		};
/* End XCConfigurationList section */
	};
	rootObject = D15875471B502E3900B44588 /* Project object */;
}
